Microsoft Visual Studio Solution File, Format Version 12.00
# Visual Studio 2012
Project("{FAE04EC0-301F-11D3-BF4B-00C04F79EFBC}") = "Reeds-Shepp_3D_Test", "Reeds-Shepp_3D_Test.csproj", "{847134C6-ECE3-4ED3-96F4-584B844B285E}"
EndProject
Global
	GlobalSection(SolutionConfigurationPlatforms) = preSolution
	Debug|Any CPU = Debug|Any CPU
	ExportDebug|Any CPU = ExportDebug|Any CPU
	ExportRelease|Any CPU = ExportRelease|Any CPU
	EndGlobalSection
	GlobalSection(ProjectConfigurationPlatforms) = postSolution
		{847134C6-ECE3-4ED3-96F4-584B844B285E}.Debug|Any CPU.ActiveCfg = Debug|Any CPU
		{847134C6-ECE3-4ED3-96F4-584B844B285E}.Debug|Any CPU.Build.0 = Debug|Any CPU
		{847134C6-ECE3-4ED3-96F4-584B844B285E}.ExportDebug|Any CPU.ActiveCfg = ExportDebug|Any CPU
		{847134C6-ECE3-4ED3-96F4-584B844B285E}.ExportDebug|Any CPU.Build.0 = ExportDebug|Any CPU
		{847134C6-ECE3-4ED3-96F4-584B844B285E}.ExportRelease|Any CPU.ActiveCfg = ExportRelease|Any CPU
		{847134C6-ECE3-4ED3-96F4-584B844B285E}.ExportRelease|Any CPU.Build.0 = ExportRelease|Any CPU
	EndGlobalSection
EndGlobal
