Microsoft Visual Studio Solution File, Format Version 12.00
# Visual Studio Version 17
VisualStudioVersion = 17.5.2.0
MinimumVisualStudioVersion = 10.0.40219.1
Project("{FAE04EC0-301F-11D3-BF4B-00C04F79EFBC}") = "DigSim3D", "DigSim3D.csproj", "{1650ADE0-1AC3-7184-3231-D4D49B17087A}"
EndProject
Global
	GlobalSection(SolutionConfigurationPlatforms) = preSolution
		Debug|Any CPU = Debug|Any CPU
		Release|Any CPU = Release|Any CPU
	EndGlobalSection
	GlobalSection(ProjectConfigurationPlatforms) = postSolution
		{1650ADE0-1AC3-7184-3231-D4D49B17087A}.Debug|Any CPU.ActiveCfg = Debug|Any CPU
		{1650ADE0-1AC3-7184-3231-D4D49B17087A}.Debug|Any CPU.Build.0 = Debug|Any CPU
		{1650ADE0-1AC3-7184-3231-D4D49B17087A}.Release|Any CPU.ActiveCfg = Release|Any CPU
		{1650ADE0-1AC3-7184-3231-D4D49B17087A}.Release|Any CPU.Build.0 = Release|Any CPU
	EndGlobalSection
	GlobalSection(SolutionProperties) = preSolution
		HideSolutionNode = FALSE
	EndGlobalSection
	GlobalSection(ExtensibilityGlobals) = postSolution
		SolutionGuid = {8C49A422-97CB-45D6-9537-944A8FD0B000}
	EndGlobalSection
EndGlobal
